
Microsoft Visual Studio Solution File, Format Version 12.00
# Visual Studio Version 17
VisualStudioVersion = 17.3.32811.315
MinimumVisualStudioVersion = 10.0.40219.1
Project("{9A19103F-16F7-4668-BE54-9A1E7A4F7556}") = "BLL", "BLL\BLL.csproj", "{4D7E9196-23CC-4DBE-B5A6-295FDB728086}"
EndProject
Project("{9A19103F-16F7-4668-BE54-9A1E7A4F7556}") = "CORE", "CORE\CORE.csproj", "{EA0CEC35-E869-4729-BDCF-1338B70537CC}"
EndProject
Project("{9A19103F-16F7-4668-BE54-9A1E7A4F7556}") = "DAL", "DAL\DAL.csproj", "{9EDAB087-5D25-4ECC-A3B2-08A9C174A40A}"
EndProject
Project("{9A19103F-16F7-4668-BE54-9A1E7A4F7556}") = "FRONT-ADMIN", "FRONT\FRONT-ADMIN.csproj", "{1212253A-3107-4643-9A94-F5B9801C0889}"
EndProject
Global
	GlobalSection(SolutionConfigurationPlatforms) = preSolution
		Debug|Any CPU = Debug|Any CPU
		Release|Any CPU = Release|Any CPU
	EndGlobalSection
	GlobalSection(ProjectConfigurationPlatforms) = postSolution
		{4D7E9196-23CC-4DBE-B5A6-295FDB728086}.Debug|Any CPU.ActiveCfg = Debug|Any CPU
		{4D7E9196-23CC-4DBE-B5A6-295FDB728086}.Debug|Any CPU.Build.0 = Debug|Any CPU
		{4D7E9196-23CC-4DBE-B5A6-295FDB728086}.Release|Any CPU.ActiveCfg = Release|Any CPU
		{4D7E9196-23CC-4DBE-B5A6-295FDB728086}.Release|Any CPU.Build.0 = Release|Any CPU
		{EA0CEC35-E869-4729-BDCF-1338B70537CC}.Debug|Any CPU.ActiveCfg = Debug|Any CPU
		{EA0CEC35-E869-4729-BDCF-1338B70537CC}.Debug|Any CPU.Build.0 = Debug|Any CPU
		{EA0CEC35-E869-4729-BDCF-1338B70537CC}.Release|Any CPU.ActiveCfg = Release|Any CPU
		{EA0CEC35-E869-4729-BDCF-1338B70537CC}.Release|Any CPU.Build.0 = Release|Any CPU
		{9EDAB087-5D25-4ECC-A3B2-08A9C174A40A}.Debug|Any CPU.ActiveCfg = Debug|Any CPU
		{9EDAB087-5D25-4ECC-A3B2-08A9C174A40A}.Debug|Any CPU.Build.0 = Debug|Any CPU
		{9EDAB087-5D25-4ECC-A3B2-08A9C174A40A}.Release|Any CPU.ActiveCfg = Release|Any CPU
		{9EDAB087-5D25-4ECC-A3B2-08A9C174A40A}.Release|Any CPU.Build.0 = Release|Any CPU
		{1212253A-3107-4643-9A94-F5B9801C0889}.Debug|Any CPU.ActiveCfg = Debug|Any CPU
		{1212253A-3107-4643-9A94-F5B9801C0889}.Debug|Any CPU.Build.0 = Debug|Any CPU
		{1212253A-3107-4643-9A94-F5B9801C0889}.Release|Any CPU.ActiveCfg = Release|Any CPU
		{1212253A-3107-4643-9A94-F5B9801C0889}.Release|Any CPU.Build.0 = Release|Any CPU
	EndGlobalSection
	GlobalSection(SolutionProperties) = preSolution
		HideSolutionNode = FALSE
	EndGlobalSection
	GlobalSection(ExtensibilityGlobals) = postSolution
		SolutionGuid = {7B391D58-5D59-4DC8-8604-557179CFEACC}
	EndGlobalSection
EndGlobal
